
Microsoft Visual Studio Solution File, Format Version 12.00
# Visual Studio Version 17
VisualStudioVersion = 17.2.32616.157
MinimumVisualStudioVersion = 10.0.40219.1
Project("{9A19103F-16F7-4668-BE54-9A1E7A4F7556}") = "catfish", "catfish.csproj", "{94FFFB97-19B9-4C59-9596-7F8537A955E6}"
EndProject
Global
	GlobalSection(SolutionConfigurationPlatforms) = preSolution
		Debug|Any CPU = Debug|Any CPU
		Release|Any CPU = Release|Any CPU
	EndGlobalSection
	GlobalSection(ProjectConfigurationPlatforms) = postSolution
		{94FFFB97-19B9-4C59-9596-7F8537A955E6}.Debug|Any CPU.ActiveCfg = Debug|Any CPU
		{94FFFB97-19B9-4C59-9596-7F8537A955E6}.Debug|Any CPU.Build.0 = Debug|Any CPU
		{94FFFB97-19B9-4C59-9596-7F8537A955E6}.Release|Any CPU.ActiveCfg = Release|Any CPU
		{94FFFB97-19B9-4C59-9596-7F8537A955E6}.Release|Any CPU.Build.0 = Release|Any CPU
	EndGlobalSection
	GlobalSection(SolutionProperties) = preSolution
		HideSolutionNode = FALSE
	EndGlobalSection
	GlobalSection(ExtensibilityGlobals) = postSolution
		SolutionGuid = {4C0E2758-0CE2-4A51-B1E8-996BA588E990}
	EndGlobalSection
EndGlobal
