
Microsoft Visual Studio Solution File, Format Version 12.00
# Visual Studio Version 17
VisualStudioVersion = 17.2.32526.322
MinimumVisualStudioVersion = 10.0.40219.1
Project("{9A19103F-16F7-4668-BE54-9A1E7A4F7556}") = "Catfish.Web", "Catfish.Web\Catfish.Web.csproj", "{3FE23E0C-5E76-4BB2-A2DB-692BFA9421EF}"
EndProject
Project("{9A19103F-16F7-4668-BE54-9A1E7A4F7556}") = "Catfish.API.Repository", "Catfish.API.Repository\Catfish.API.Repository.csproj", "{C47F578F-78C2-43D4-80D4-3F9E45F21034}"
EndProject
Project("{9A19103F-16F7-4668-BE54-9A1E7A4F7556}") = "CatfishWebExtensions", "Catfish.Web.Extensions\CatfishWebExtensions.csproj", "{9C196149-0689-4FB5-BE85-43EB45F73AD8}"
EndProject
Project("{9A19103F-16F7-4668-BE54-9A1E7A4F7556}") = "CatfishExtensions", "CatfishExtensions\CatfishExtensions.csproj", "{B6078F85-008B-4E23-B589-1B06792F7724}"
EndProject
Project("{2150E333-8FDC-42A3-9474-1A3956D46DE8}") = "Solution Items", "Solution Items", "{A9144507-7A6C-4CC2-A9B2-82A6F39E009B}"
	ProjectSection(SolutionItems) = preProject
		.editorconfig = .editorconfig
	EndProjectSection
EndProject
Project("{9A19103F-16F7-4668-BE54-9A1E7A4F7556}") = "Catfish.API.Repository.Tests", "Catfish.API.Repository.Tests\Catfish.API.Repository.Tests.csproj", "{AD0EAEDF-548D-42E8-9DA4-7D730A606B21}"
EndProject
Project("{9A19103F-16F7-4668-BE54-9A1E7A4F7556}") = "DataProcessing", "DataProcessing\DataProcessing.csproj", "{52DB9D5C-96AF-4DF3-861E-01131F77343B}"
EndProject
Project("{9A19103F-16F7-4668-BE54-9A1E7A4F7556}") = "Catfish.API.Auth", "Catfish.API.Auth\Catfish.API.Auth.csproj", "{8DC6E53D-43FA-405F-A77F-720C45F51481}"
EndProject
Project("{FAE04EC0-301F-11D3-BF4B-00C04F79EFBC}") = "Catfish.DataImport", "Catfish.DataImport\Catfish.DataImport.csproj", "{1CE3A72D-16F9-465F-9232-58F1BDCD2CEC}"
EndProject
Global
	GlobalSection(SolutionConfigurationPlatforms) = preSolution
		Debug|Any CPU = Debug|Any CPU
		Release|Any CPU = Release|Any CPU
	EndGlobalSection
	GlobalSection(ProjectConfigurationPlatforms) = postSolution
		{3FE23E0C-5E76-4BB2-A2DB-692BFA9421EF}.Debug|Any CPU.ActiveCfg = Debug|Any CPU
		{3FE23E0C-5E76-4BB2-A2DB-692BFA9421EF}.Debug|Any CPU.Build.0 = Debug|Any CPU
		{3FE23E0C-5E76-4BB2-A2DB-692BFA9421EF}.Release|Any CPU.ActiveCfg = Release|Any CPU
		{3FE23E0C-5E76-4BB2-A2DB-692BFA9421EF}.Release|Any CPU.Build.0 = Release|Any CPU
		{C47F578F-78C2-43D4-80D4-3F9E45F21034}.Debug|Any CPU.ActiveCfg = Debug|Any CPU
		{C47F578F-78C2-43D4-80D4-3F9E45F21034}.Debug|Any CPU.Build.0 = Debug|Any CPU
		{C47F578F-78C2-43D4-80D4-3F9E45F21034}.Release|Any CPU.ActiveCfg = Release|Any CPU
		{C47F578F-78C2-43D4-80D4-3F9E45F21034}.Release|Any CPU.Build.0 = Release|Any CPU
		{9C196149-0689-4FB5-BE85-43EB45F73AD8}.Debug|Any CPU.ActiveCfg = Debug|Any CPU
		{9C196149-0689-4FB5-BE85-43EB45F73AD8}.Debug|Any CPU.Build.0 = Debug|Any CPU
		{9C196149-0689-4FB5-BE85-43EB45F73AD8}.Release|Any CPU.ActiveCfg = Release|Any CPU
		{9C196149-0689-4FB5-BE85-43EB45F73AD8}.Release|Any CPU.Build.0 = Release|Any CPU
		{B6078F85-008B-4E23-B589-1B06792F7724}.Debug|Any CPU.ActiveCfg = Debug|Any CPU
		{B6078F85-008B-4E23-B589-1B06792F7724}.Debug|Any CPU.Build.0 = Debug|Any CPU
		{B6078F85-008B-4E23-B589-1B06792F7724}.Release|Any CPU.ActiveCfg = Release|Any CPU
		{B6078F85-008B-4E23-B589-1B06792F7724}.Release|Any CPU.Build.0 = Release|Any CPU
		{AD0EAEDF-548D-42E8-9DA4-7D730A606B21}.Debug|Any CPU.ActiveCfg = Debug|Any CPU
		{AD0EAEDF-548D-42E8-9DA4-7D730A606B21}.Debug|Any CPU.Build.0 = Debug|Any CPU
		{AD0EAEDF-548D-42E8-9DA4-7D730A606B21}.Release|Any CPU.ActiveCfg = Release|Any CPU
		{AD0EAEDF-548D-42E8-9DA4-7D730A606B21}.Release|Any CPU.Build.0 = Release|Any CPU
		{52DB9D5C-96AF-4DF3-861E-01131F77343B}.Debug|Any CPU.ActiveCfg = Debug|Any CPU
		{52DB9D5C-96AF-4DF3-861E-01131F77343B}.Debug|Any CPU.Build.0 = Debug|Any CPU
		{52DB9D5C-96AF-4DF3-861E-01131F77343B}.Release|Any CPU.ActiveCfg = Release|Any CPU
		{52DB9D5C-96AF-4DF3-861E-01131F77343B}.Release|Any CPU.Build.0 = Release|Any CPU
		{8DC6E53D-43FA-405F-A77F-720C45F51481}.Debug|Any CPU.ActiveCfg = Debug|Any CPU
		{8DC6E53D-43FA-405F-A77F-720C45F51481}.Debug|Any CPU.Build.0 = Debug|Any CPU
		{8DC6E53D-43FA-405F-A77F-720C45F51481}.Release|Any CPU.ActiveCfg = Release|Any CPU
		{8DC6E53D-43FA-405F-A77F-720C45F51481}.Release|Any CPU.Build.0 = Release|Any CPU
		{1CE3A72D-16F9-465F-9232-58F1BDCD2CEC}.Debug|Any CPU.ActiveCfg = Debug|Any CPU
		{1CE3A72D-16F9-465F-9232-58F1BDCD2CEC}.Debug|Any CPU.Build.0 = Debug|Any CPU
		{1CE3A72D-16F9-465F-9232-58F1BDCD2CEC}.Release|Any CPU.ActiveCfg = Release|Any CPU
		{1CE3A72D-16F9-465F-9232-58F1BDCD2CEC}.Release|Any CPU.Build.0 = Release|Any CPU
	EndGlobalSection
	GlobalSection(SolutionProperties) = preSolution
		HideSolutionNode = FALSE
	EndGlobalSection
	GlobalSection(ExtensibilityGlobals) = postSolution
		SolutionGuid = {438A42A4-CBD6-4F56-B05A-3E3758D76C06}
	EndGlobalSection
EndGlobal
